// !$*UTF8*$!
{
	archiveVersion = 1;
	classes = {
	};
	objectVersion = 56;
	objects = {

/* Begin PBXBuildFile section */
		1ABDC3E42A5D9593008EAA4A /* PlaygroundApp.swift in Sources */ = {isa = PBXBuildFile; fileRef = 1ABDC3E32A5D9593008EAA4A /* PlaygroundApp.swift */; };
		1ABDC3E62A5D9593008EAA4A /* ContentView.swift in Sources */ = {isa = PBXBuildFile; fileRef = 1ABDC3E52A5D9593008EAA4A /* ContentView.swift */; };
		1ABDC3E82A5D9594008EAA4A /* Assets.xcassets in Resources */ = {isa = PBXBuildFile; fileRef = 1ABDC3E72A5D9594008EAA4A /* Assets.xcassets */; };
		1ABDC3EB2A5D9594008EAA4A /* Preview Assets.xcassets in Resources */ = {isa = PBXBuildFile; fileRef = 1ABDC3EA2A5D9594008EAA4A /* Preview Assets.xcassets */; };
		1ABDC3F52A5D9594008EAA4A /* PlaygroundTests.swift in Sources */ = {isa = PBXBuildFile; fileRef = 1ABDC3F42A5D9594008EAA4A /* PlaygroundTests.swift */; };
		1ABDC3FF2A5D9594008EAA4A /* PlaygroundUITests.swift in Sources */ = {isa = PBXBuildFile; fileRef = 1ABDC3FE2A5D9594008EAA4A /* PlaygroundUITests.swift */; };
		1ABDC4012A5D9594008EAA4A /* PlaygroundUITestsLaunchTests.swift in Sources */ = {isa = PBXBuildFile; fileRef = 1ABDC4002A5D9594008EAA4A /* PlaygroundUITestsLaunchTests.swift */; };
		1ABDC4112A603E98008EAA4A /* MainView.swift in Sources */ = {isa = PBXBuildFile; fileRef = 1ABDC4102A603E98008EAA4A /* MainView.swift */; };
		1ABDC4152A6047CE008EAA4A /* CoordinateSampleView.swift in Sources */ = {isa = PBXBuildFile; fileRef = 1ABDC4142A6047CE008EAA4A /* CoordinateSampleView.swift */; };
		1ABDC4172A605542008EAA4A /* OffsetModifier.swift in Sources */ = {isa = PBXBuildFile; fileRef = 1ABDC4162A605542008EAA4A /* OffsetModifier.swift */; };
		1ABDC41C2A640801008EAA4A /* PlaylistView.swift in Sources */ = {isa = PBXBuildFile; fileRef = 1ABDC41B2A640801008EAA4A /* PlaylistView.swift */; };
		1ABDC41E2A643BDA008EAA4A /* BottomSheetView.swift in Sources */ = {isa = PBXBuildFile; fileRef = 1ABDC41D2A643BDA008EAA4A /* BottomSheetView.swift */; };
		1ABDC4202A6442AE008EAA4A /* ExpandedSheetView.swift in Sources */ = {isa = PBXBuildFile; fileRef = 1ABDC41F2A6442AE008EAA4A /* ExpandedSheetView.swift */; };
		1ABDC4222A644411008EAA4A /* MainViewModel.swift in Sources */ = {isa = PBXBuildFile; fileRef = 1ABDC4212A644411008EAA4A /* MainViewModel.swift */; };
		1ABDC4242A644630008EAA4A /* HapticManager.swift in Sources */ = {isa = PBXBuildFile; fileRef = 1ABDC4232A644630008EAA4A /* HapticManager.swift */; };
		1ABDC4262A644D7C008EAA4A /* DragGesture+Extensions.swift in Sources */ = {isa = PBXBuildFile; fileRef = 1ABDC4252A644D7C008EAA4A /* DragGesture+Extensions.swift */; };
/* End PBXBuildFile section */

/* Begin PBXContainerItemProxy section */
		1ABDC3F12A5D9594008EAA4A /* PBXContainerItemProxy */ = {
			isa = PBXContainerItemProxy;
			containerPortal = 1ABDC3D82A5D9593008EAA4A /* Project object */;
			proxyType = 1;
			remoteGlobalIDString = 1ABDC3DF2A5D9593008EAA4A;
			remoteInfo = Playground;
		};
		1ABDC3FB2A5D9594008EAA4A /* PBXContainerItemProxy */ = {
			isa = PBXContainerItemProxy;
			containerPortal = 1ABDC3D82A5D9593008EAA4A /* Project object */;
			proxyType = 1;
			remoteGlobalIDString = 1ABDC3DF2A5D9593008EAA4A;
			remoteInfo = Playground;
		};
/* End PBXContainerItemProxy section */

/* Begin PBXFileReference section */
		1ABDC3E02A5D9593008EAA4A /* Playground.app */ = {isa = PBXFileReference; explicitFileType = wrapper.application; includeInIndex = 0; path = Playground.app; sourceTree = BUILT_PRODUCTS_DIR; };
		1ABDC3E32A5D9593008EAA4A /* PlaygroundApp.swift */ = {isa = PBXFileReference; lastKnownFileType = sourcecode.swift; path = PlaygroundApp.swift; sourceTree = "<group>"; };
		1ABDC3E52A5D9593008EAA4A /* ContentView.swift */ = {isa = PBXFileReference; lastKnownFileType = sourcecode.swift; path = ContentView.swift; sourceTree = "<group>"; };
		1ABDC3E72A5D9594008EAA4A /* Assets.xcassets */ = {isa = PBXFileReference; lastKnownFileType = folder.assetcatalog; path = Assets.xcassets; sourceTree = "<group>"; };
		1ABDC3EA2A5D9594008EAA4A /* Preview Assets.xcassets */ = {isa = PBXFileReference; lastKnownFileType = folder.assetcatalog; path = "Preview Assets.xcassets"; sourceTree = "<group>"; };
		1ABDC3F02A5D9594008EAA4A /* PlaygroundTests.xctest */ = {isa = PBXFileReference; explicitFileType = wrapper.cfbundle; includeInIndex = 0; path = PlaygroundTests.xctest; sourceTree = BUILT_PRODUCTS_DIR; };
		1ABDC3F42A5D9594008EAA4A /* PlaygroundTests.swift */ = {isa = PBXFileReference; lastKnownFileType = sourcecode.swift; path = PlaygroundTests.swift; sourceTree = "<group>"; };
		1ABDC3FA2A5D9594008EAA4A /* PlaygroundUITests.xctest */ = {isa = PBXFileReference; explicitFileType = wrapper.cfbundle; includeInIndex = 0; path = PlaygroundUITests.xctest; sourceTree = BUILT_PRODUCTS_DIR; };
		1ABDC3FE2A5D9594008EAA4A /* PlaygroundUITests.swift */ = {isa = PBXFileReference; lastKnownFileType = sourcecode.swift; path = PlaygroundUITests.swift; sourceTree = "<group>"; };
		1ABDC4002A5D9594008EAA4A /* PlaygroundUITestsLaunchTests.swift */ = {isa = PBXFileReference; lastKnownFileType = sourcecode.swift; path = PlaygroundUITestsLaunchTests.swift; sourceTree = "<group>"; };
		1ABDC4102A603E98008EAA4A /* MainView.swift */ = {isa = PBXFileReference; lastKnownFileType = sourcecode.swift; path = MainView.swift; sourceTree = "<group>"; };
		1ABDC4142A6047CE008EAA4A /* CoordinateSampleView.swift */ = {isa = PBXFileReference; lastKnownFileType = sourcecode.swift; path = CoordinateSampleView.swift; sourceTree = "<group>"; };
		1ABDC4162A605542008EAA4A /* OffsetModifier.swift */ = {isa = PBXFileReference; lastKnownFileType = sourcecode.swift; path = OffsetModifier.swift; sourceTree = "<group>"; };
		1ABDC41B2A640801008EAA4A /* PlaylistView.swift */ = {isa = PBXFileReference; lastKnownFileType = sourcecode.swift; path = PlaylistView.swift; sourceTree = "<group>"; };
		1ABDC41D2A643BDA008EAA4A /* BottomSheetView.swift */ = {isa = PBXFileReference; lastKnownFileType = sourcecode.swift; path = BottomSheetView.swift; sourceTree = "<group>"; };
		1ABDC41F2A6442AE008EAA4A /* ExpandedSheetView.swift */ = {isa = PBXFileReference; lastKnownFileType = sourcecode.swift; path = ExpandedSheetView.swift; sourceTree = "<group>"; };
		1ABDC4212A644411008EAA4A /* MainViewModel.swift */ = {isa = PBXFileReference; lastKnownFileType = sourcecode.swift; path = MainViewModel.swift; sourceTree = "<group>"; };
		1ABDC4232A644630008EAA4A /* HapticManager.swift */ = {isa = PBXFileReference; lastKnownFileType = sourcecode.swift; path = HapticManager.swift; sourceTree = "<group>"; };
		1ABDC4252A644D7C008EAA4A /* DragGesture+Extensions.swift */ = {isa = PBXFileReference; lastKnownFileType = sourcecode.swift; path = "DragGesture+Extensions.swift"; sourceTree = "<group>"; };
/* End PBXFileReference section */

/* Begin PBXFrameworksBuildPhase section */
		1ABDC3DD2A5D9593008EAA4A /* Frameworks */ = {
			isa = PBXFrameworksBuildPhase;
			buildActionMask = 2147483647;
			files = (
			);
			runOnlyForDeploymentPostprocessing = 0;
		};
		1ABDC3ED2A5D9594008EAA4A /* Frameworks */ = {
			isa = PBXFrameworksBuildPhase;
			buildActionMask = 2147483647;
			files = (
			);
			runOnlyForDeploymentPostprocessing = 0;
		};
		1ABDC3F72A5D9594008EAA4A /* Frameworks */ = {
			isa = PBXFrameworksBuildPhase;
			buildActionMask = 2147483647;
			files = (
			);
			runOnlyForDeploymentPostprocessing = 0;
		};
/* End PBXFrameworksBuildPhase section */

/* Begin PBXGroup section */
		1ABDC3D72A5D9593008EAA4A = {
			isa = PBXGroup;
			children = (
				1ABDC3E22A5D9593008EAA4A /* Playground */,
				1ABDC3F32A5D9594008EAA4A /* PlaygroundTests */,
				1ABDC3FD2A5D9594008EAA4A /* PlaygroundUITests */,
				1ABDC3E12A5D9593008EAA4A /* Products */,
			);
			sourceTree = "<group>";
		};
		1ABDC3E12A5D9593008EAA4A /* Products */ = {
			isa = PBXGroup;
			children = (
				1ABDC3E02A5D9593008EAA4A /* Playground.app */,
				1ABDC3F02A5D9594008EAA4A /* PlaygroundTests.xctest */,
				1ABDC3FA2A5D9594008EAA4A /* PlaygroundUITests.xctest */,
			);
			name = Products;
			sourceTree = "<group>";
		};
		1ABDC3E22A5D9593008EAA4A /* Playground */ = {
			isa = PBXGroup;
			children = (
				1ABDC3E32A5D9593008EAA4A /* PlaygroundApp.swift */,
				1ABDC3E52A5D9593008EAA4A /* ContentView.swift */,
				1ABDC3E72A5D9594008EAA4A /* Assets.xcassets */,
				1ABDC3E92A5D9594008EAA4A /* Preview Content */,
				1ABDC4102A603E98008EAA4A /* MainView.swift */,
				1ABDC4142A6047CE008EAA4A /* CoordinateSampleView.swift */,
				1ABDC4162A605542008EAA4A /* OffsetModifier.swift */,
				1ABDC41B2A640801008EAA4A /* PlaylistView.swift */,
				1ABDC41D2A643BDA008EAA4A /* BottomSheetView.swift */,
				1ABDC41F2A6442AE008EAA4A /* ExpandedSheetView.swift */,
				1ABDC4212A644411008EAA4A /* MainViewModel.swift */,
				1ABDC4232A644630008EAA4A /* HapticManager.swift */,
				1ABDC4252A644D7C008EAA4A /* DragGesture+Extensions.swift */,
			);
			path = Playground;
			sourceTree = "<group>";
		};
		1ABDC3E92A5D9594008EAA4A /* Preview Content */ = {
			isa = PBXGroup;
			children = (
				1ABDC3EA2A5D9594008EAA4A /* Preview Assets.xcassets */,
			);
			path = "Preview Content";
			sourceTree = "<group>";
		};
		1ABDC3F32A5D9594008EAA4A /* PlaygroundTests */ = {
			isa = PBXGroup;
			children = (
				1ABDC3F42A5D9594008EAA4A /* PlaygroundTests.swift */,
			);
			path = PlaygroundTests;
			sourceTree = "<group>";
		};
		1ABDC3FD2A5D9594008EAA4A /* PlaygroundUITests */ = {
			isa = PBXGroup;
			children = (
				1ABDC3FE2A5D9594008EAA4A /* PlaygroundUITests.swift */,
				1ABDC4002A5D9594008EAA4A /* PlaygroundUITestsLaunchTests.swift */,
			);
			path = PlaygroundUITests;
			sourceTree = "<group>";
		};
/* End PBXGroup section */

/* Begin PBXNativeTarget section */
		1ABDC3DF2A5D9593008EAA4A /* Playground */ = {
			isa = PBXNativeTarget;
			buildConfigurationList = 1ABDC4042A5D9594008EAA4A /* Build configuration list for PBXNativeTarget "Playground" */;
			buildPhases = (
				1ABDC3DC2A5D9593008EAA4A /* Sources */,
				1ABDC3DD2A5D9593008EAA4A /* Frameworks */,
				1ABDC3DE2A5D9593008EAA4A /* Resources */,
			);
			buildRules = (
			);
			dependencies = (
			);
			name = Playground;
			productName = Playground;
			productReference = 1ABDC3E02A5D9593008EAA4A /* Playground.app */;
			productType = "com.apple.product-type.application";
		};
		1ABDC3EF2A5D9594008EAA4A /* PlaygroundTests */ = {
			isa = PBXNativeTarget;
			buildConfigurationList = 1ABDC4072A5D9594008EAA4A /* Build configuration list for PBXNativeTarget "PlaygroundTests" */;
			buildPhases = (
				1ABDC3EC2A5D9594008EAA4A /* Sources */,
				1ABDC3ED2A5D9594008EAA4A /* Frameworks */,
				1ABDC3EE2A5D9594008EAA4A /* Resources */,
			);
			buildRules = (
			);
			dependencies = (
				1ABDC3F22A5D9594008EAA4A /* PBXTargetDependency */,
			);
			name = PlaygroundTests;
			productName = PlaygroundTests;
			productReference = 1ABDC3F02A5D9594008EAA4A /* PlaygroundTests.xctest */;
			productType = "com.apple.product-type.bundle.unit-test";
		};
		1ABDC3F92A5D9594008EAA4A /* PlaygroundUITests */ = {
			isa = PBXNativeTarget;
			buildConfigurationList = 1ABDC40A2A5D9594008EAA4A /* Build configuration list for PBXNativeTarget "PlaygroundUITests" */;
			buildPhases = (
				1ABDC3F62A5D9594008EAA4A /* Sources */,
				1ABDC3F72A5D9594008EAA4A /* Frameworks */,
				1ABDC3F82A5D9594008EAA4A /* Resources */,
			);
			buildRules = (
			);
			dependencies = (
				1ABDC3FC2A5D9594008EAA4A /* PBXTargetDependency */,
			);
			name = PlaygroundUITests;
			productName = PlaygroundUITests;
			productReference = 1ABDC3FA2A5D9594008EAA4A /* PlaygroundUITests.xctest */;
			productType = "com.apple.product-type.bundle.ui-testing";
		};
/* End PBXNativeTarget section */

/* Begin PBXProject section */
		1ABDC3D82A5D9593008EAA4A /* Project object */ = {
			isa = PBXProject;
			attributes = {
				BuildIndependentTargetsInParallel = 1;
				LastSwiftUpdateCheck = 1430;
				LastUpgradeCheck = 1430;
				TargetAttributes = {
					1ABDC3DF2A5D9593008EAA4A = {
						CreatedOnToolsVersion = 14.3.1;
					};
					1ABDC3EF2A5D9594008EAA4A = {
						CreatedOnToolsVersion = 14.3.1;
						TestTargetID = 1ABDC3DF2A5D9593008EAA4A;
					};
					1ABDC3F92A5D9594008EAA4A = {
						CreatedOnToolsVersion = 14.3.1;
						TestTargetID = 1ABDC3DF2A5D9593008EAA4A;
					};
				};
			};
			buildConfigurationList = 1ABDC3DB2A5D9593008EAA4A /* Build configuration list for PBXProject "Playground" */;
			compatibilityVersion = "Xcode 14.0";
			developmentRegion = en;
			hasScannedForEncodings = 0;
			knownRegions = (
				en,
				Base,
			);
			mainGroup = 1ABDC3D72A5D9593008EAA4A;
			productRefGroup = 1ABDC3E12A5D9593008EAA4A /* Products */;
			projectDirPath = "";
			projectRoot = "";
			targets = (
				1ABDC3DF2A5D9593008EAA4A /* Playground */,
				1ABDC3EF2A5D9594008EAA4A /* PlaygroundTests */,
				1ABDC3F92A5D9594008EAA4A /* PlaygroundUITests */,
			);
		};
/* End PBXProject section */

/* Begin PBXResourcesBuildPhase section */
		1ABDC3DE2A5D9593008EAA4A /* Resources */ = {
			isa = PBXResourcesBuildPhase;
			buildActionMask = 2147483647;
			files = (
				1ABDC3EB2A5D9594008EAA4A /* Preview Assets.xcassets in Resources */,
				1ABDC3E82A5D9594008EAA4A /* Assets.xcassets in Resources */,
			);
			runOnlyForDeploymentPostprocessing = 0;
		};
		1ABDC3EE2A5D9594008EAA4A /* Resources */ = {
			isa = PBXResourcesBuildPhase;
			buildActionMask = 2147483647;
			files = (
			);
			runOnlyForDeploymentPostprocessing = 0;
		};
		1ABDC3F82A5D9594008EAA4A /* Resources */ = {
			isa = PBXResourcesBuildPhase;
			buildActionMask = 2147483647;
			files = (
			);
			runOnlyForDeploymentPostprocessing = 0;
		};
/* End PBXResourcesBuildPhase section */

/* Begin PBXSourcesBuildPhase section */
		1ABDC3DC2A5D9593008EAA4A /* Sources */ = {
			isa = PBXSourcesBuildPhase;
			buildActionMask = 2147483647;
			files = (
				1ABDC41C2A640801008EAA4A /* PlaylistView.swift in Sources */,
				1ABDC3E62A5D9593008EAA4A /* ContentView.swift in Sources */,
				1ABDC4112A603E98008EAA4A /* MainView.swift in Sources */,
				1ABDC4172A605542008EAA4A /* OffsetModifier.swift in Sources */,
				1ABDC41E2A643BDA008EAA4A /* BottomSheetView.swift in Sources */,
				1ABDC4152A6047CE008EAA4A /* CoordinateSampleView.swift in Sources */,
				1ABDC4242A644630008EAA4A /* HapticManager.swift in Sources */,
				1ABDC3E42A5D9593008EAA4A /* PlaygroundApp.swift in Sources */,
				1ABDC4202A6442AE008EAA4A /* ExpandedSheetView.swift in Sources */,
				1ABDC4262A644D7C008EAA4A /* DragGesture+Extensions.swift in Sources */,
				1ABDC4222A644411008EAA4A /* MainViewModel.swift in Sources */,
			);
			runOnlyForDeploymentPostprocessing = 0;
		};
		1ABDC3EC2A5D9594008EAA4A /* Sources */ = {
			isa = PBXSourcesBuildPhase;
			buildActionMask = 2147483647;
			files = (
				1ABDC3F52A5D9594008EAA4A /* PlaygroundTests.swift in Sources */,
			);
			runOnlyForDeploymentPostprocessing = 0;
		};
		1ABDC3F62A5D9594008EAA4A /* Sources */ = {
			isa = PBXSourcesBuildPhase;
			buildActionMask = 2147483647;
			files = (
				1ABDC3FF2A5D9594008EAA4A /* PlaygroundUITests.swift in Sources */,
				1ABDC4012A5D9594008EAA4A /* PlaygroundUITestsLaunchTests.swift in Sources */,
			);
			runOnlyForDeploymentPostprocessing = 0;
		};
/* End PBXSourcesBuildPhase section */

/* Begin PBXTargetDependency section */
		1ABDC3F22A5D9594008EAA4A /* PBXTargetDependency */ = {
			isa = PBXTargetDependency;
			target = 1ABDC3DF2A5D9593008EAA4A /* Playground */;
			targetProxy = 1ABDC3F12A5D9594008EAA4A /* PBXContainerItemProxy */;
		};
		1ABDC3FC2A5D9594008EAA4A /* PBXTargetDependency */ = {
			isa = PBXTargetDependency;
			target = 1ABDC3DF2A5D9593008EAA4A /* Playground */;
			targetProxy = 1ABDC3FB2A5D9594008EAA4A /* PBXContainerItemProxy */;
		};
/* End PBXTargetDependency section */

/* Begin XCBuildConfiguration section */
		1ABDC4022A5D9594008EAA4A /* Debug */ = {
			isa = XCBuildConfiguration;
			buildSettings = {
				ALWAYS_SEARCH_USER_PATHS = NO;
				CLANG_ANALYZER_NONNULL = YES;
				CLANG_ANALYZER_NUMBER_OBJECT_CONVERSION = YES_AGGRESSIVE;
				CLANG_CXX_LANGUAGE_STANDARD = "gnu++20";
				CLANG_ENABLE_MODULES = YES;
				CLANG_ENABLE_OBJC_ARC = YES;
				CLANG_ENABLE_OBJC_WEAK = YES;
				CLANG_WARN_BLOCK_CAPTURE_AUTORELEASING = YES;
				CLANG_WARN_BOOL_CONVERSION = YES;
				CLANG_WARN_COMMA = YES;
				CLANG_WARN_CONSTANT_CONVERSION = YES;
				CLANG_WARN_DEPRECATED_OBJC_IMPLEMENTATIONS = YES;
				CLANG_WARN_DIRECT_OBJC_ISA_USAGE = YES_ERROR;
				CLANG_WARN_DOCUMENTATION_COMMENTS = YES;
				CLANG_WARN_EMPTY_BODY = YES;
				CLANG_WARN_ENUM_CONVERSION = YES;
				CLANG_WARN_INFINITE_RECURSION = YES;
				CLANG_WARN_INT_CONVERSION = YES;
				CLANG_WARN_NON_LITERAL_NULL_CONVERSION = YES;
				CLANG_WARN_OBJC_IMPLICIT_RETAIN_SELF = YES;
				CLANG_WARN_OBJC_LITERAL_CONVERSION = YES;
				CLANG_WARN_OBJC_ROOT_CLASS = YES_ERROR;
				CLANG_WARN_QUOTED_INCLUDE_IN_FRAMEWORK_HEADER = YES;
				CLANG_WARN_RANGE_LOOP_ANALYSIS = YES;
				CLANG_WARN_STRICT_PROTOTYPES = YES;
				CLANG_WARN_SUSPICIOUS_MOVE = YES;
				CLANG_WARN_UNGUARDED_AVAILABILITY = YES_AGGRESSIVE;
				CLANG_WARN_UNREACHABLE_CODE = YES;
				CLANG_WARN__DUPLICATE_METHOD_MATCH = YES;
				COPY_PHASE_STRIP = NO;
				DEBUG_INFORMATION_FORMAT = dwarf;
				ENABLE_STRICT_OBJC_MSGSEND = YES;
				ENABLE_TESTABILITY = YES;
				GCC_C_LANGUAGE_STANDARD = gnu11;
				GCC_DYNAMIC_NO_PIC = NO;
				GCC_NO_COMMON_BLOCKS = YES;
				GCC_OPTIMIZATION_LEVEL = 0;
				GCC_PREPROCESSOR_DEFINITIONS = (
					"DEBUG=1",
					"$(inherited)",
				);
				GCC_WARN_64_TO_32_BIT_CONVERSION = YES;
				GCC_WARN_ABOUT_RETURN_TYPE = YES_ERROR;
				GCC_WARN_UNDECLARED_SELECTOR = YES;
				GCC_WARN_UNINITIALIZED_AUTOS = YES_AGGRESSIVE;
				GCC_WARN_UNUSED_FUNCTION = YES;
				GCC_WARN_UNUSED_VARIABLE = YES;
				IPHONEOS_DEPLOYMENT_TARGET = 16.4;
				MTL_ENABLE_DEBUG_INFO = INCLUDE_SOURCE;
				MTL_FAST_MATH = YES;
				ONLY_ACTIVE_ARCH = YES;
				SDKROOT = iphoneos;
				SWIFT_ACTIVE_COMPILATION_CONDITIONS = DEBUG;
				SWIFT_OPTIMIZATION_LEVEL = "-Onone";
			};
			name = Debug;
		};
		1ABDC4032A5D9594008EAA4A /* Release */ = {
			isa = XCBuildConfiguration;
			buildSettings = {
				ALWAYS_SEARCH_USER_PATHS = NO;
				CLANG_ANALYZER_NONNULL = YES;
				CLANG_ANALYZER_NUMBER_OBJECT_CONVERSION = YES_AGGRESSIVE;
				CLANG_CXX_LANGUAGE_STANDARD = "gnu++20";
				CLANG_ENABLE_MODULES = YES;
				CLANG_ENABLE_OBJC_ARC = YES;
				CLANG_ENABLE_OBJC_WEAK = YES;
				CLANG_WARN_BLOCK_CAPTURE_AUTORELEASING = YES;
				CLANG_WARN_BOOL_CONVERSION = YES;
				CLANG_WARN_COMMA = YES;
				CLANG_WARN_CONSTANT_CONVERSION = YES;
				CLANG_WARN_DEPRECATED_OBJC_IMPLEMENTATIONS = YES;
				CLANG_WARN_DIRECT_OBJC_ISA_USAGE = YES_ERROR;
				CLANG_WARN_DOCUMENTATION_COMMENTS = YES;
				CLANG_WARN_EMPTY_BODY = YES;
				CLANG_WARN_ENUM_CONVERSION = YES;
				CLANG_WARN_INFINITE_RECURSION = YES;
				CLANG_WARN_INT_CONVERSION = YES;
				CLANG_WARN_NON_LITERAL_NULL_CONVERSION = YES;
				CLANG_WARN_OBJC_IMPLICIT_RETAIN_SELF = YES;
				CLANG_WARN_OBJC_LITERAL_CONVERSION = YES;
				CLANG_WARN_OBJC_ROOT_CLASS = YES_ERROR;
				CLANG_WARN_QUOTED_INCLUDE_IN_FRAMEWORK_HEADER = YES;
				CLANG_WARN_RANGE_LOOP_ANALYSIS = YES;
				CLANG_WARN_STRICT_PROTOTYPES = YES;
				CLANG_WARN_SUSPICIOUS_MOVE = YES;
				CLANG_WARN_UNGUARDED_AVAILABILITY = YES_AGGRESSIVE;
				CLANG_WARN_UNREACHABLE_CODE = YES;
				CLANG_WARN__DUPLICATE_METHOD_MATCH = YES;
				COPY_PHASE_STRIP = NO;
				DEBUG_INFORMATION_FORMAT = "dwarf-with-dsym";
				ENABLE_NS_ASSERTIONS = NO;
				ENABLE_STRICT_OBJC_MSGSEND = YES;
				GCC_C_LANGUAGE_STANDARD = gnu11;
				GCC_NO_COMMON_BLOCKS = YES;
				GCC_WARN_64_TO_32_BIT_CONVERSION = YES;
				GCC_WARN_ABOUT_RETURN_TYPE = YES_ERROR;
				GCC_WARN_UNDECLARED_SELECTOR = YES;
				GCC_WARN_UNINITIALIZED_AUTOS = YES_AGGRESSIVE;
				GCC_WARN_UNUSED_FUNCTION = YES;
				GCC_WARN_UNUSED_VARIABLE = YES;
				IPHONEOS_DEPLOYMENT_TARGET = 16.4;
				MTL_ENABLE_DEBUG_INFO = NO;
				MTL_FAST_MATH = YES;
				SDKROOT = iphoneos;
				SWIFT_COMPILATION_MODE = wholemodule;
				SWIFT_OPTIMIZATION_LEVEL = "-O";
				VALIDATE_PRODUCT = YES;
			};
			name = Release;
		};
		1ABDC4052A5D9594008EAA4A /* Debug */ = {
			isa = XCBuildConfiguration;
			buildSettings = {
				ASSETCATALOG_COMPILER_APPICON_NAME = AppIcon;
				ASSETCATALOG_COMPILER_GLOBAL_ACCENT_COLOR_NAME = AccentColor;
				CODE_SIGN_STYLE = Automatic;
				CURRENT_PROJECT_VERSION = 1;
				DEVELOPMENT_ASSET_PATHS = "\"Playground/Preview Content\"";
				DEVELOPMENT_TEAM = 8D29XC4Q7F;
				ENABLE_PREVIEWS = YES;
				GENERATE_INFOPLIST_FILE = YES;
				INFOPLIST_KEY_UIApplicationSceneManifest_Generation = YES;
				INFOPLIST_KEY_UIApplicationSupportsIndirectInputEvents = YES;
				INFOPLIST_KEY_UILaunchScreen_Generation = YES;
				INFOPLIST_KEY_UISupportedInterfaceOrientations = UIInterfaceOrientationPortrait;
				INFOPLIST_KEY_UISupportedInterfaceOrientations_iPad = "UIInterfaceOrientationLandscapeLeft UIInterfaceOrientationLandscapeRight UIInterfaceOrientationPortrait UIInterfaceOrientationPortraitUpsideDown";
				IPHONEOS_DEPLOYMENT_TARGET = 15.0;
				LD_RUNPATH_SEARCH_PATHS = (
					"$(inherited)",
					"@executable_path/Frameworks",
				);
				MARKETING_VERSION = 1.0;
				PRODUCT_BUNDLE_IDENTIFIER = foundation.label.Playground;
				PRODUCT_NAME = "$(TARGET_NAME)";
				SUPPORTED_PLATFORMS = "iphoneos iphonesimulator";
				SUPPORTS_MACCATALYST = NO;
				SUPPORTS_MAC_DESIGNED_FOR_IPHONE_IPAD = NO;
				SWIFT_EMIT_LOC_STRINGS = YES;
				SWIFT_VERSION = 5.0;
				TARGETED_DEVICE_FAMILY = 1;
			};
			name = Debug;
		};
		1ABDC4062A5D9594008EAA4A /* Release */ = {
			isa = XCBuildConfiguration;
			buildSettings = {
				ASSETCATALOG_COMPILER_APPICON_NAME = AppIcon;
				ASSETCATALOG_COMPILER_GLOBAL_ACCENT_COLOR_NAME = AccentColor;
				CODE_SIGN_STYLE = Automatic;
				CURRENT_PROJECT_VERSION = 1;
				DEVELOPMENT_ASSET_PATHS = "\"Playground/Preview Content\"";
				DEVELOPMENT_TEAM = 8D29XC4Q7F;
				ENABLE_PREVIEWS = YES;
				GENERATE_INFOPLIST_FILE = YES;
				INFOPLIST_KEY_UIApplicationSceneManifest_Generation = YES;
				INFOPLIST_KEY_UIApplicationSupportsIndirectInputEvents = YES;
				INFOPLIST_KEY_UILaunchScreen_Generation = YES;
				INFOPLIST_KEY_UISupportedInterfaceOrientations = UIInterfaceOrientationPortrait;
				INFOPLIST_KEY_UISupportedInterfaceOrientations_iPad = "UIInterfaceOrientationLandscapeLeft UIInterfaceOrientationLandscapeRight UIInterfaceOrientationPortrait UIInterfaceOrientationPortraitUpsideDown";
				IPHONEOS_DEPLOYMENT_TARGET = 15.0;
				LD_RUNPATH_SEARCH_PATHS = (
					"$(inherited)",
					"@executable_path/Frameworks",
				);
				MARKETING_VERSION = 1.0;
				PRODUCT_BUNDLE_IDENTIFIER = foundation.label.Playground;
				PRODUCT_NAME = "$(TARGET_NAME)";
				SUPPORTED_PLATFORMS = "iphoneos iphonesimulator";
				SUPPORTS_MACCATALYST = NO;
				SUPPORTS_MAC_DESIGNED_FOR_IPHONE_IPAD = NO;
				SWIFT_EMIT_LOC_STRINGS = YES;
				SWIFT_VERSION = 5.0;
				TARGETED_DEVICE_FAMILY = 1;
			};
			name = Release;
		};
		1ABDC4082A5D9594008EAA4A /* Debug */ = {
			isa = XCBuildConfiguration;
			buildSettings = {
				ALWAYS_EMBED_SWIFT_STANDARD_LIBRARIES = YES;
				BUNDLE_LOADER = "$(TEST_HOST)";
				CODE_SIGN_STYLE = Automatic;
				CURRENT_PROJECT_VERSION = 1;
				DEVELOPMENT_TEAM = 8D29XC4Q7F;
				GENERATE_INFOPLIST_FILE = YES;
				IPHONEOS_DEPLOYMENT_TARGET = 16.4;
				MARKETING_VERSION = 1.0;
				PRODUCT_BUNDLE_IDENTIFIER = foundation.label.PlaygroundTests;
				PRODUCT_NAME = "$(TARGET_NAME)";
				SWIFT_EMIT_LOC_STRINGS = NO;
				SWIFT_VERSION = 5.0;
				TARGETED_DEVICE_FAMILY = "1,2";
				TEST_HOST = "$(BUILT_PRODUCTS_DIR)/Playground.app/$(BUNDLE_EXECUTABLE_FOLDER_PATH)/Playground";
			};
			name = Debug;
		};
		1ABDC4092A5D9594008EAA4A /* Release */ = {
			isa = XCBuildConfiguration;
			buildSettings = {
				ALWAYS_EMBED_SWIFT_STANDARD_LIBRARIES = YES;
				BUNDLE_LOADER = "$(TEST_HOST)";
				CODE_SIGN_STYLE = Automatic;
				CURRENT_PROJECT_VERSION = 1;
				DEVELOPMENT_TEAM = 8D29XC4Q7F;
				GENERATE_INFOPLIST_FILE = YES;
				IPHONEOS_DEPLOYMENT_TARGET = 16.4;
				MARKETING_VERSION = 1.0;
				PRODUCT_BUNDLE_IDENTIFIER = foundation.label.PlaygroundTests;
				PRODUCT_NAME = "$(TARGET_NAME)";
				SWIFT_EMIT_LOC_STRINGS = NO;
				SWIFT_VERSION = 5.0;
				TARGETED_DEVICE_FAMILY = "1,2";
				TEST_HOST = "$(BUILT_PRODUCTS_DIR)/Playground.app/$(BUNDLE_EXECUTABLE_FOLDER_PATH)/Playground";
			};
			name = Release;
		};
		1ABDC40B2A5D9594008EAA4A /* Debug */ = {
			isa = XCBuildConfiguration;
			buildSettings = {
				ALWAYS_EMBED_SWIFT_STANDARD_LIBRARIES = YES;
				CODE_SIGN_STYLE = Automatic;
				CURRENT_PROJECT_VERSION = 1;
				DEVELOPMENT_TEAM = 8D29XC4Q7F;
				GENERATE_INFOPLIST_FILE = YES;
				MARKETING_VERSION = 1.0;
				PRODUCT_BUNDLE_IDENTIFIER = foundation.label.PlaygroundUITests;
				PRODUCT_NAME = "$(TARGET_NAME)";
				SWIFT_EMIT_LOC_STRINGS = NO;
				SWIFT_VERSION = 5.0;
				TARGETED_DEVICE_FAMILY = "1,2";
				TEST_TARGET_NAME = Playground;
			};
			name = Debug;
		};
		1ABDC40C2A5D9594008EAA4A /* Release */ = {
			isa = XCBuildConfiguration;
			buildSettings = {
				ALWAYS_EMBED_SWIFT_STANDARD_LIBRARIES = YES;
				CODE_SIGN_STYLE = Automatic;
				CURRENT_PROJECT_VERSION = 1;
				DEVELOPMENT_TEAM = 8D29XC4Q7F;
				GENERATE_INFOPLIST_FILE = YES;
				MARKETING_VERSION = 1.0;
				PRODUCT_BUNDLE_IDENTIFIER = foundation.label.PlaygroundUITests;
				PRODUCT_NAME = "$(TARGET_NAME)";
				SWIFT_EMIT_LOC_STRINGS = NO;
				SWIFT_VERSION = 5.0;
				TARGETED_DEVICE_FAMILY = "1,2";
				TEST_TARGET_NAME = Playground;
			};
			name = Release;
		};
/* End XCBuildConfiguration section */

/* Begin XCConfigurationList section */
		1ABDC3DB2A5D9593008EAA4A /* Build configuration list for PBXProject "Playground" */ = {
			isa = XCConfigurationList;
			buildConfigurations = (
				1ABDC4022A5D9594008EAA4A /* Debug */,
				1ABDC4032A5D9594008EAA4A /* Release */,
			);
			defaultConfigurationIsVisible = 0;
			defaultConfigurationName = Release;
		};
		1ABDC4042A5D9594008EAA4A /* Build configuration list for PBXNativeTarget "Playground" */ = {
			isa = XCConfigurationList;
			buildConfigurations = (
				1ABDC4052A5D9594008EAA4A /* Debug */,
				1ABDC4062A5D9594008EAA4A /* Release */,
			);
			defaultConfigurationIsVisible = 0;
			defaultConfigurationName = Release;
		};
		1ABDC4072A5D9594008EAA4A /* Build configuration list for PBXNativeTarget "PlaygroundTests" */ = {
			isa = XCConfigurationList;
			buildConfigurations = (
				1ABDC4082A5D9594008EAA4A /* Debug */,
				1ABDC4092A5D9594008EAA4A /* Release */,
			);
			defaultConfigurationIsVisible = 0;
			defaultConfigurationName = Release;
		};
		1ABDC40A2A5D9594008EAA4A /* Build configuration list for PBXNativeTarget "PlaygroundUITests" */ = {
			isa = XCConfigurationList;
			buildConfigurations = (
				1ABDC40B2A5D9594008EAA4A /* Debug */,
				1ABDC40C2A5D9594008EAA4A /* Release */,
			);
			defaultConfigurationIsVisible = 0;
			defaultConfigurationName = Release;
		};
/* End XCConfigurationList section */
	};
	rootObject = 1ABDC3D82A5D9593008EAA4A /* Project object */;
}
